PODS:
  - Alamofire (5.9.1)
  - BEMCheckBox (1.4.1)
  - IQKeyboardManagerSwift (7.1.1)
  - MOLH (1.4.3)
  - NWWebSocket (0.5.4)
  - PusherSwift (10.1.5):
    - NWWebSocket (~> 0.5.4)
    - TweetNacl (~> 1.0.0)
  - ReachabilitySwift (5.2.3)
  - RxAlamofire (6.1.1):
    - RxAlamofire/Core (= 6.1.1)
  - RxAlamofire/Core (6.1.1):
    - Alamofire (~> 5.4)
    - RxSwift (~> 6.0)
  - RxCocoa (6.7.1):
    - RxRelay (= 6.7.1)
    - RxSwift (= 6.7.1)
  - RxReachability (1.2.1):
    - ReachabilitySwift (< 6.0, >= 5.0)
    - RxCocoa (~> 6)
    - RxSwift (~> 6)
  - RxRelay (6.7.1):
    - RxSwift (= 6.7.1)
  - RxSwift (6.7.1)
  - SDWebImage (5.19.4):
    - SDWebImage/Core (= 5.19.4)
  - SDWebImage/Core (5.19.4)
  - SGSegmentedProgressBarLibrary (0.0.5)
  - SoundWave (0.1.4)
  - SVProgressHUD (2.3.1):
    - SVProgressHUD/Core (= 2.3.1)
  - SVProgressHUD/Core (2.3.1)
  - TweetNacl (1.0.2)
  - "UITextView+Placeholder (1.4.0)"

DEPENDENCIES:
  - Alamofire
  - BEMCheckBox
  - IQKeyboardManagerSwift
  - MOLH
  - PusherSwift
  - RxAlamofire
  - RxCocoa
  - RxReachability
  - RxSwift
  - SDWebImage
  - SGSegmentedProgressBarLibrary
  - SoundWave
  - SVProgressHUD
  - "UITextView+Placeholder"

SPEC REPOS:
  trunk:
    - Alamofire
    - BEMCheckBox
    - IQKeyboardManagerSwift
    - MOLH
    - NWWebSocket
    - PusherSwift
    - ReachabilitySwift
    - RxAlamofire
    - RxCocoa
    - RxReachability
    - RxRelay
    - RxSwift
    - SDWebImage
    - SGSegmentedProgressBarLibrary
    - SoundWave
    - SVProgressHUD
    - TweetNacl
    - "UITextView+Placeholder"

SPEC CHECKSUMS:
  Alamofire: f36a35757af4587d8e4f4bfa223ad10be2422b8c
  BEMCheckBox: 5ba6e37ade3d3657b36caecc35c8b75c6c2b1a4e
  IQKeyboardManagerSwift: d7f3d3a562c237a0e7335e657cd598c452f57f1b
  MOLH: e45827d200aeb1310641090fd8cd03ad2b42ae72
  NWWebSocket: 040d22f23438cc09aaeabf537beff67699c3c76d
  PusherSwift: cad631bad86cfff4b8458dce1310a7774e469b1f
  ReachabilitySwift: 7f151ff156cea1481a8411701195ac6a984f4979
  RxAlamofire: beb75a1c452d0de225651db4903f5d29d034a620
  RxCocoa: f5609cb4637587a7faa99c5d5787e3ad582b75a4
  RxReachability: bfd13548bf1dac7a877082d13918a9f39bdb5c18
  RxRelay: 4151ba01152436b08271e08410135e099880eae5
  RxSwift: b9a93a26031785159e11abd40d1a55bcb8057e52
  SDWebImage: 066c47b573f408f18caa467d71deace7c0f8280d
  SGSegmentedProgressBarLibrary: 2b7f2dc518cd19c5d7d42ae6a8e9ec5610c334f1
  SoundWave: d98ffaa863570b29d991da32a09b7ce1b4aaf2d4
  SVProgressHUD: 4837c74bdfe2e51e8821c397825996a8d7de6e22
  TweetNacl: 3abf4d1d2082b0114e7a67410e300892448951e6
  "UITextView+Placeholder": d7b0c400921f66523f3a85d74f774512e14f6502

PODFILE CHECKSUM: 2eaa12e69bb7c34796af23ce640391cd667cb47a

COCOAPODS: 1.15.2
