{
  "pins" : [
    {
      "identity" : "animatedcollectionviewlayout",
      "kind" : "remoteSourceControl",
      "location" : "https://github.com/KelvinJin/AnimatedCollectionViewLayout",
      "state" : {
        "revision" : "c15687d1c6db6d39ef1e54a6c5a5c2fe74a544a8",
        "version" : "1.1.0"
      }
    },
    {
      "identity" : "countrypicker",
      "kind" : "remoteSourceControl",
      "location" : "https://github.com/mobven/CountryPicker.git",
      "state" : {
        "revision" : "fc84df8310daede33984f673b2b601b452433eec",
        "version" : "1.0.9"
      }
    }
  ],
  "version" : 2
}
